
Microsoft Visual Studio Solution File, Format Version 12.00
# Visual Studio 14
VisualStudioVersion = 14.0.25420.1
MinimumVisualStudioVersion = 10.0.40219.1
Project("{FAE04EC0-301F-11D3-BF4B-00C04F79EFBC}") = "Kosmos.SchedulerServer", "Kosmos.SchedulerServer\Kosmos.SchedulerServer.csproj", "{45290E57-BBE1-47ED-80AB-285CB4088ED4}"
EndProject
Project("{FAE04EC0-301F-11D3-BF4B-00C04F79EFBC}") = "Kosmos.SchedulerServer.Tests", "Kosmos.SchedulerServer.Tests\Kosmos.SchedulerServer.Tests.csproj", "{E924D2BD-34EA-489D-A15F-A4D5A79FB97B}"
EndProject
Project("{FAE04EC0-301F-11D3-BF4B-00C04F79EFBC}") = "Kosmos.SchedulerServer.Model", "Kosmos.SchedulerServer.Model\Kosmos.SchedulerServer.Model.csproj", "{1DB20B47-8EA0-4BA1-96C4-23DD022E5A2E}"
EndProject
Project("{FAE04EC0-301F-11D3-BF4B-00C04F79EFBC}") = "Kosmos.SchedulerServer.DbContext", "Kosmos.SchedulerServer.DbContext\Kosmos.SchedulerServer.DbContext.csproj", "{AEC34A8C-ABC7-4A4B-A50C-1572A2231FB9}"
EndProject
Project("{FAE04EC0-301F-11D3-BF4B-00C04F79EFBC}") = "Kosmos.SchedulerServer.ModelDbMappings", "Kosmos.SchedulerServer.ModelDbMappings\Kosmos.SchedulerServer.ModelDbMappings.csproj", "{067B4C5C-6007-4878-8AD3-93805706432A}"
EndProject
Project("{FAE04EC0-301F-11D3-BF4B-00C04F79EFBC}") = "Extended", "..\Kosmos.DownloaderServer\Extended\Extended.csproj", "{3E5E728E-283A-4B53-B9B9-1CAF8034A361}"
EndProject
Global
	GlobalSection(SolutionConfigurationPlatforms) = preSolution
		Debug|Any CPU = Debug|Any CPU
		Release|Any CPU = Release|Any CPU
	EndGlobalSection
	GlobalSection(ProjectConfigurationPlatforms) = postSolution
		{45290E57-BBE1-47ED-80AB-285CB4088ED4}.Debug|Any CPU.ActiveCfg = Debug|Any CPU
		{45290E57-BBE1-47ED-80AB-285CB4088ED4}.Debug|Any CPU.Build.0 = Debug|Any CPU
		{45290E57-BBE1-47ED-80AB-285CB4088ED4}.Release|Any CPU.ActiveCfg = Release|Any CPU
		{45290E57-BBE1-47ED-80AB-285CB4088ED4}.Release|Any CPU.Build.0 = Release|Any CPU
		{E924D2BD-34EA-489D-A15F-A4D5A79FB97B}.Debug|Any CPU.ActiveCfg = Debug|Any CPU
		{E924D2BD-34EA-489D-A15F-A4D5A79FB97B}.Debug|Any CPU.Build.0 = Debug|Any CPU
		{E924D2BD-34EA-489D-A15F-A4D5A79FB97B}.Release|Any CPU.ActiveCfg = Release|Any CPU
		{E924D2BD-34EA-489D-A15F-A4D5A79FB97B}.Release|Any CPU.Build.0 = Release|Any CPU
		{1DB20B47-8EA0-4BA1-96C4-23DD022E5A2E}.Debug|Any CPU.ActiveCfg = Debug|Any CPU
		{1DB20B47-8EA0-4BA1-96C4-23DD022E5A2E}.Debug|Any CPU.Build.0 = Debug|Any CPU
		{1DB20B47-8EA0-4BA1-96C4-23DD022E5A2E}.Release|Any CPU.ActiveCfg = Release|Any CPU
		{1DB20B47-8EA0-4BA1-96C4-23DD022E5A2E}.Release|Any CPU.Build.0 = Release|Any CPU
		{AEC34A8C-ABC7-4A4B-A50C-1572A2231FB9}.Debug|Any CPU.ActiveCfg = Debug|Any CPU
		{AEC34A8C-ABC7-4A4B-A50C-1572A2231FB9}.Debug|Any CPU.Build.0 = Debug|Any CPU
		{AEC34A8C-ABC7-4A4B-A50C-1572A2231FB9}.Release|Any CPU.ActiveCfg = Release|Any CPU
		{AEC34A8C-ABC7-4A4B-A50C-1572A2231FB9}.Release|Any CPU.Build.0 = Release|Any CPU
		{067B4C5C-6007-4878-8AD3-93805706432A}.Debug|Any CPU.ActiveCfg = Debug|Any CPU
		{067B4C5C-6007-4878-8AD3-93805706432A}.Debug|Any CPU.Build.0 = Debug|Any CPU
		{067B4C5C-6007-4878-8AD3-93805706432A}.Release|Any CPU.ActiveCfg = Release|Any CPU
		{067B4C5C-6007-4878-8AD3-93805706432A}.Release|Any CPU.Build.0 = Release|Any CPU
		{3E5E728E-283A-4B53-B9B9-1CAF8034A361}.Debug|Any CPU.ActiveCfg = Debug|Any CPU
		{3E5E728E-283A-4B53-B9B9-1CAF8034A361}.Debug|Any CPU.Build.0 = Debug|Any CPU
		{3E5E728E-283A-4B53-B9B9-1CAF8034A361}.Release|Any CPU.ActiveCfg = Release|Any CPU
		{3E5E728E-283A-4B53-B9B9-1CAF8034A361}.Release|Any CPU.Build.0 = Release|Any CPU
	EndGlobalSection
	GlobalSection(SolutionProperties) = preSolution
		HideSolutionNode = FALSE
	EndGlobalSection
EndGlobal
